
Microsoft Visual Studio Solution File, Format Version 12.00
# Visual Studio Version 16
VisualStudioVersion = 16.0.30114.105
MinimumVisualStudioVersion = 10.0.40219.1
Project("{2150E333-8FDC-42A3-9474-1A3956D46DE8}") = "src", "src", "{955BDF86-296F-47A1-98DB-DC8D4041BC73}"
EndProject
Project("{9A19103F-16F7-4668-BE54-9A1E7A4F7556}") = "XperienceCommunity.SvgMediaDimensions", "src\XperienceCommunity.SvgMediaDimensions\XperienceCommunity.SvgMediaDimensions.csproj", "{BA210658-E33C-4EC9-A82B-880E5CA289FD}"
EndProject
Project("{2150E333-8FDC-42A3-9474-1A3956D46DE8}") = "Solution Items", "Solution Items", "{9AF598FC-AFDC-423E-AA97-4E9D9B0A10DB}"
	ProjectSection(SolutionItems) = preProject
		.editorconfig = .editorconfig
		.gitignore = .gitignore
		Directory.Build.props = Directory.Build.props
		Directory.Build.targets = Directory.Build.targets
		LICENSE = LICENSE
		README.md = README.md
	EndProjectSection
EndProject
Global
	GlobalSection(SolutionConfigurationPlatforms) = preSolution
		Debug|Any CPU = Debug|Any CPU
		Release|Any CPU = Release|Any CPU
	EndGlobalSection
	GlobalSection(ProjectConfigurationPlatforms) = postSolution
		{BA210658-E33C-4EC9-A82B-880E5CA289FD}.Debug|Any CPU.ActiveCfg = Debug|Any CPU
		{BA210658-E33C-4EC9-A82B-880E5CA289FD}.Debug|Any CPU.Build.0 = Debug|Any CPU
		{BA210658-E33C-4EC9-A82B-880E5CA289FD}.Release|Any CPU.ActiveCfg = Release|Any CPU
		{BA210658-E33C-4EC9-A82B-880E5CA289FD}.Release|Any CPU.Build.0 = Release|Any CPU
	EndGlobalSection
	GlobalSection(SolutionProperties) = preSolution
		HideSolutionNode = FALSE
	EndGlobalSection
	GlobalSection(NestedProjects) = preSolution
		{BA210658-E33C-4EC9-A82B-880E5CA289FD} = {955BDF86-296F-47A1-98DB-DC8D4041BC73}
	EndGlobalSection
	GlobalSection(ExtensibilityGlobals) = postSolution
		SolutionGuid = {B8E06C5E-1761-4EA3-91DC-DB44FA94DEE2}
	EndGlobalSection
EndGlobal
